
Microsoft Visual Studio Solution File, Format Version 12.00
# Visual Studio Version 16
VisualStudioVersion = 16.0.30104.148
MinimumVisualStudioVersion = 10.0.40219.1
Project("{FAE04EC0-301F-11D3-BF4B-00C04F79EFBC}") = "Prueba", "Prueba\Prueba.csproj", "{B7D96F88-E582-4A3B-B0DD-5859AF61392E}"
EndProject
Global
	GlobalSection(SolutionConfigurationPlatforms) = preSolution
		Debug|Any CPU = Debug|Any CPU
		Release|Any CPU = Release|Any CPU
	EndGlobalSection
	GlobalSection(ProjectConfigurationPlatforms) = postSolution
		{B7D96F88-E582-4A3B-B0DD-5859AF61392E}.Debug|Any CPU.ActiveCfg = Debug|Any CPU
		{B7D96F88-E582-4A3B-B0DD-5859AF61392E}.Debug|Any CPU.Build.0 = Debug|Any CPU
		{B7D96F88-E582-4A3B-B0DD-5859AF61392E}.Release|Any CPU.ActiveCfg = Release|Any CPU
		{B7D96F88-E582-4A3B-B0DD-5859AF61392E}.Release|Any CPU.Build.0 = Release|Any CPU
	EndGlobalSection
	GlobalSection(SolutionProperties) = preSolution
		HideSolutionNode = FALSE
	EndGlobalSection
	GlobalSection(ExtensibilityGlobals) = postSolution
		SolutionGuid = {E3C2124E-0AF6-4D77-8799-96FD50DE4067}
	EndGlobalSection
EndGlobal
