
Microsoft Visual Studio Solution File, Format Version 12.00
# Visual Studio Version 16
VisualStudioVersion = 16.0.30104.148
MinimumVisualStudioVersion = 10.0.40219.1
Project("{FAE04EC0-301F-11D3-BF4B-00C04F79EFBC}") = "Prueba2", "Prueba2\Prueba2.csproj", "{BC231BEC-27B3-4F27-9F32-2DB03940F98E}"
EndProject
Global
	GlobalSection(SolutionConfigurationPlatforms) = preSolution
		Debug|Any CPU = Debug|Any CPU
		Release|Any CPU = Release|Any CPU
	EndGlobalSection
	GlobalSection(ProjectConfigurationPlatforms) = postSolution
		{BC231BEC-27B3-4F27-9F32-2DB03940F98E}.Debug|Any CPU.ActiveCfg = Debug|Any CPU
		{BC231BEC-27B3-4F27-9F32-2DB03940F98E}.Debug|Any CPU.Build.0 = Debug|Any CPU
		{BC231BEC-27B3-4F27-9F32-2DB03940F98E}.Release|Any CPU.ActiveCfg = Release|Any CPU
		{BC231BEC-27B3-4F27-9F32-2DB03940F98E}.Release|Any CPU.Build.0 = Release|Any CPU
	EndGlobalSection
	GlobalSection(SolutionProperties) = preSolution
		HideSolutionNode = FALSE
	EndGlobalSection
	GlobalSection(ExtensibilityGlobals) = postSolution
		SolutionGuid = {760D9BDE-8685-4502-BDD4-D669275445F8}
	EndGlobalSection
EndGlobal
